
Microsoft Visual Studio Solution File, Format Version 12.00
# Visual Studio 15
VisualStudioVersion = 15.0.27703.2000
MinimumVisualStudioVersion = 10.0.40219.1
Project("{FAE04EC0-301F-11D3-BF4B-00C04F79EFBC}") = "wmg.assetCheck", "wmg.assetCheck\wmg.assetCheck.csproj", "{AE4C6E2D-80E8-4687-A56D-32B368570866}"
EndProject
Project("{9A19103F-16F7-4668-BE54-9A1E7A4F7556}") = "wmg.Common", "wmg.Common\wmg.Common.csproj", "{58AE25E3-C092-4E6B-BA08-A41E66C51C76}"
EndProject
Project("{9A19103F-16F7-4668-BE54-9A1E7A4F7556}") = "wmg.DataAccess", "wmg.DataAccess\wmg.DataAccess.csproj", "{7C8E99F8-40C6-4551-8E36-6170AA91E00E}"
EndProject
Project("{9A19103F-16F7-4668-BE54-9A1E7A4F7556}") = "wmg.BusinessLayer", "wmg.BusinessLayer\wmg.BusinessLayer.csproj", "{1311F5C4-4FD0-41F7-A793-246E9C5FAF2F}"
EndProject
Project("{9A19103F-16F7-4668-BE54-9A1E7A4F7556}") = "wmg.Manager", "wmg.Manager\wmg.Manager.csproj", "{79B6A933-2978-4EB8-A659-E34B587A0048}"
EndProject
Project("{9A19103F-16F7-4668-BE54-9A1E7A4F7556}") = "wmg.API", "wmg.API\wmg.API.csproj", "{EFC37685-83C0-49AB-9AF6-55327E60DB7C}"
EndProject
Global
	GlobalSection(SolutionConfigurationPlatforms) = preSolution
		Debug|Any CPU = Debug|Any CPU
		Release|Any CPU = Release|Any CPU
	EndGlobalSection
	GlobalSection(ProjectConfigurationPlatforms) = postSolution
		{AE4C6E2D-80E8-4687-A56D-32B368570866}.Debug|Any CPU.ActiveCfg = Debug|Any CPU
		{AE4C6E2D-80E8-4687-A56D-32B368570866}.Debug|Any CPU.Build.0 = Debug|Any CPU
		{AE4C6E2D-80E8-4687-A56D-32B368570866}.Release|Any CPU.ActiveCfg = Release|Any CPU
		{AE4C6E2D-80E8-4687-A56D-32B368570866}.Release|Any CPU.Build.0 = Release|Any CPU
		{58AE25E3-C092-4E6B-BA08-A41E66C51C76}.Debug|Any CPU.ActiveCfg = Debug|Any CPU
		{58AE25E3-C092-4E6B-BA08-A41E66C51C76}.Debug|Any CPU.Build.0 = Debug|Any CPU
		{58AE25E3-C092-4E6B-BA08-A41E66C51C76}.Release|Any CPU.ActiveCfg = Release|Any CPU
		{58AE25E3-C092-4E6B-BA08-A41E66C51C76}.Release|Any CPU.Build.0 = Release|Any CPU
		{7C8E99F8-40C6-4551-8E36-6170AA91E00E}.Debug|Any CPU.ActiveCfg = Debug|Any CPU
		{7C8E99F8-40C6-4551-8E36-6170AA91E00E}.Debug|Any CPU.Build.0 = Debug|Any CPU
		{7C8E99F8-40C6-4551-8E36-6170AA91E00E}.Release|Any CPU.ActiveCfg = Release|Any CPU
		{7C8E99F8-40C6-4551-8E36-6170AA91E00E}.Release|Any CPU.Build.0 = Release|Any CPU
		{1311F5C4-4FD0-41F7-A793-246E9C5FAF2F}.Debug|Any CPU.ActiveCfg = Debug|Any CPU
		{1311F5C4-4FD0-41F7-A793-246E9C5FAF2F}.Debug|Any CPU.Build.0 = Debug|Any CPU
		{1311F5C4-4FD0-41F7-A793-246E9C5FAF2F}.Release|Any CPU.ActiveCfg = Release|Any CPU
		{1311F5C4-4FD0-41F7-A793-246E9C5FAF2F}.Release|Any CPU.Build.0 = Release|Any CPU
		{79B6A933-2978-4EB8-A659-E34B587A0048}.Debug|Any CPU.ActiveCfg = Debug|Any CPU
		{79B6A933-2978-4EB8-A659-E34B587A0048}.Debug|Any CPU.Build.0 = Debug|Any CPU
		{79B6A933-2978-4EB8-A659-E34B587A0048}.Release|Any CPU.ActiveCfg = Release|Any CPU
		{79B6A933-2978-4EB8-A659-E34B587A0048}.Release|Any CPU.Build.0 = Release|Any CPU
		{EFC37685-83C0-49AB-9AF6-55327E60DB7C}.Debug|Any CPU.ActiveCfg = Debug|Any CPU
		{EFC37685-83C0-49AB-9AF6-55327E60DB7C}.Debug|Any CPU.Build.0 = Debug|Any CPU
		{EFC37685-83C0-49AB-9AF6-55327E60DB7C}.Release|Any CPU.ActiveCfg = Release|Any CPU
		{EFC37685-83C0-49AB-9AF6-55327E60DB7C}.Release|Any CPU.Build.0 = Release|Any CPU
	EndGlobalSection
	GlobalSection(SolutionProperties) = preSolution
		HideSolutionNode = FALSE
	EndGlobalSection
	GlobalSection(ExtensibilityGlobals) = postSolution
		SolutionGuid = {6DABB011-0FCC-4F68-83F9-E92E8719DDD8}
	EndGlobalSection
EndGlobal
